
Microsoft Visual Studio Solution File, Format Version 12.00
# Visual Studio Version 17
VisualStudioVersion = 17.1.32228.430
MinimumVisualStudioVersion = 10.0.40219.1
Project("{9A19103F-16F7-4668-BE54-9A1E7A4F7556}") = "PhotoToys", "PhotoToys\PhotoToys.csproj", "{06DD9322-72AC-45EF-BCC7-41D298E5A542}"
EndProject
Project("{9A19103F-16F7-4668-BE54-9A1E7A4F7556}") = "MathTester", "MathTester\MathTester.csproj", "{01651199-1794-4473-B4B6-9248650E07AD}"
EndProject
Project("{FAE04EC0-301F-11D3-BF4B-00C04F79EFBC}") = "PTMS", "PTMS\PTMS.csproj", "{CB30AAE5-331D-4E02-B9A5-7B1C3F099CEA}"
EndProject
Global
	GlobalSection(SolutionConfigurationPlatforms) = preSolution
		Debug|Any CPU = Debug|Any CPU
		Debug|arm64 = Debug|arm64
		Debug|x64 = Debug|x64
		Debug|x86 = Debug|x86
		Release|Any CPU = Release|Any CPU
		Release|arm64 = Release|arm64
		Release|x64 = Release|x64
		Release|x86 = Release|x86
	EndGlobalSection
	GlobalSection(ProjectConfigurationPlatforms) = postSolution
		{06DD9322-72AC-45EF-BCC7-41D298E5A542}.Debug|Any CPU.ActiveCfg = Debug|x64
		{06DD9322-72AC-45EF-BCC7-41D298E5A542}.Debug|Any CPU.Build.0 = Debug|x64
		{06DD9322-72AC-45EF-BCC7-41D298E5A542}.Debug|Any CPU.Deploy.0 = Debug|x64
		{06DD9322-72AC-45EF-BCC7-41D298E5A542}.Debug|arm64.ActiveCfg = Debug|arm64
		{06DD9322-72AC-45EF-BCC7-41D298E5A542}.Debug|arm64.Build.0 = Debug|arm64
		{06DD9322-72AC-45EF-BCC7-41D298E5A542}.Debug|arm64.Deploy.0 = Debug|arm64
		{06DD9322-72AC-45EF-BCC7-41D298E5A542}.Debug|x64.ActiveCfg = Debug|x64
		{06DD9322-72AC-45EF-BCC7-41D298E5A542}.Debug|x64.Build.0 = Debug|x64
		{06DD9322-72AC-45EF-BCC7-41D298E5A542}.Debug|x64.Deploy.0 = Debug|x64
		{06DD9322-72AC-45EF-BCC7-41D298E5A542}.Debug|x86.ActiveCfg = Debug|x86
		{06DD9322-72AC-45EF-BCC7-41D298E5A542}.Debug|x86.Build.0 = Debug|x86
		{06DD9322-72AC-45EF-BCC7-41D298E5A542}.Debug|x86.Deploy.0 = Debug|x86
		{06DD9322-72AC-45EF-BCC7-41D298E5A542}.Release|Any CPU.ActiveCfg = Release|x64
		{06DD9322-72AC-45EF-BCC7-41D298E5A542}.Release|Any CPU.Build.0 = Release|x64
		{06DD9322-72AC-45EF-BCC7-41D298E5A542}.Release|Any CPU.Deploy.0 = Release|x64
		{06DD9322-72AC-45EF-BCC7-41D298E5A542}.Release|arm64.ActiveCfg = Release|arm64
		{06DD9322-72AC-45EF-BCC7-41D298E5A542}.Release|arm64.Build.0 = Release|arm64
		{06DD9322-72AC-45EF-BCC7-41D298E5A542}.Release|arm64.Deploy.0 = Release|arm64
		{06DD9322-72AC-45EF-BCC7-41D298E5A542}.Release|x64.ActiveCfg = Release|x64
		{06DD9322-72AC-45EF-BCC7-41D298E5A542}.Release|x64.Build.0 = Release|x64
		{06DD9322-72AC-45EF-BCC7-41D298E5A542}.Release|x64.Deploy.0 = Release|x64
		{06DD9322-72AC-45EF-BCC7-41D298E5A542}.Release|x86.ActiveCfg = Release|x86
		{06DD9322-72AC-45EF-BCC7-41D298E5A542}.Release|x86.Build.0 = Release|x86
		{06DD9322-72AC-45EF-BCC7-41D298E5A542}.Release|x86.Deploy.0 = Release|x86
		{01651199-1794-4473-B4B6-9248650E07AD}.Debug|Any CPU.ActiveCfg = Debug|Any CPU
		{01651199-1794-4473-B4B6-9248650E07AD}.Debug|Any CPU.Build.0 = Debug|Any CPU
		{01651199-1794-4473-B4B6-9248650E07AD}.Debug|arm64.ActiveCfg = Debug|Any CPU
		{01651199-1794-4473-B4B6-9248650E07AD}.Debug|arm64.Build.0 = Debug|Any CPU
		{01651199-1794-4473-B4B6-9248650E07AD}.Debug|x64.ActiveCfg = Debug|Any CPU
		{01651199-1794-4473-B4B6-9248650E07AD}.Debug|x64.Build.0 = Debug|Any CPU
		{01651199-1794-4473-B4B6-9248650E07AD}.Debug|x86.ActiveCfg = Debug|Any CPU
		{01651199-1794-4473-B4B6-9248650E07AD}.Debug|x86.Build.0 = Debug|Any CPU
		{01651199-1794-4473-B4B6-9248650E07AD}.Release|Any CPU.ActiveCfg = Release|Any CPU
		{01651199-1794-4473-B4B6-9248650E07AD}.Release|Any CPU.Build.0 = Release|Any CPU
		{01651199-1794-4473-B4B6-9248650E07AD}.Release|arm64.ActiveCfg = Release|Any CPU
		{01651199-1794-4473-B4B6-9248650E07AD}.Release|arm64.Build.0 = Release|Any CPU
		{01651199-1794-4473-B4B6-9248650E07AD}.Release|x64.ActiveCfg = Release|Any CPU
		{01651199-1794-4473-B4B6-9248650E07AD}.Release|x64.Build.0 = Release|Any CPU
		{01651199-1794-4473-B4B6-9248650E07AD}.Release|x86.ActiveCfg = Release|Any CPU
		{01651199-1794-4473-B4B6-9248650E07AD}.Release|x86.Build.0 = Release|Any CPU
		{CB30AAE5-331D-4E02-B9A5-7B1C3F099CEA}.Debug|Any CPU.ActiveCfg = Debug|Any CPU
		{CB30AAE5-331D-4E02-B9A5-7B1C3F099CEA}.Debug|Any CPU.Build.0 = Debug|Any CPU
		{CB30AAE5-331D-4E02-B9A5-7B1C3F099CEA}.Debug|arm64.ActiveCfg = Debug|Any CPU
		{CB30AAE5-331D-4E02-B9A5-7B1C3F099CEA}.Debug|arm64.Build.0 = Debug|Any CPU
		{CB30AAE5-331D-4E02-B9A5-7B1C3F099CEA}.Debug|x64.ActiveCfg = Debug|Any CPU
		{CB30AAE5-331D-4E02-B9A5-7B1C3F099CEA}.Debug|x64.Build.0 = Debug|Any CPU
		{CB30AAE5-331D-4E02-B9A5-7B1C3F099CEA}.Debug|x86.ActiveCfg = Debug|Any CPU
		{CB30AAE5-331D-4E02-B9A5-7B1C3F099CEA}.Debug|x86.Build.0 = Debug|Any CPU
		{CB30AAE5-331D-4E02-B9A5-7B1C3F099CEA}.Release|Any CPU.ActiveCfg = Release|Any CPU
		{CB30AAE5-331D-4E02-B9A5-7B1C3F099CEA}.Release|Any CPU.Build.0 = Release|Any CPU
		{CB30AAE5-331D-4E02-B9A5-7B1C3F099CEA}.Release|arm64.ActiveCfg = Release|Any CPU
		{CB30AAE5-331D-4E02-B9A5-7B1C3F099CEA}.Release|arm64.Build.0 = Release|Any CPU
		{CB30AAE5-331D-4E02-B9A5-7B1C3F099CEA}.Release|x64.ActiveCfg = Release|Any CPU
		{CB30AAE5-331D-4E02-B9A5-7B1C3F099CEA}.Release|x64.Build.0 = Release|Any CPU
		{CB30AAE5-331D-4E02-B9A5-7B1C3F099CEA}.Release|x86.ActiveCfg = Release|Any CPU
		{CB30AAE5-331D-4E02-B9A5-7B1C3F099CEA}.Release|x86.Build.0 = Release|Any CPU
	EndGlobalSection
	GlobalSection(SolutionProperties) = preSolution
		HideSolutionNode = FALSE
	EndGlobalSection
	GlobalSection(ExtensibilityGlobals) = postSolution
		SolutionGuid = {0B6C55E4-BD19-43E3-983A-F711F50A7C9E}
	EndGlobalSection
EndGlobal
